
Microsoft Visual Studio Solution File, Format Version 12.00
# Visual Studio Version 17
VisualStudioVersion = 17.12.35728.132
MinimumVisualStudioVersion = 10.0.40219.1
Project("{FAE04EC0-301F-11D3-BF4B-00C04F79EFBC}") = "AppIocDemo", "AppIocDemo\AppIocDemo.csproj", "{B4CFA30B-41FD-4F74-8351-E17BA572D000}"
EndProject
Project("{FAE04EC0-301F-11D3-BF4B-00C04F79EFBC}") = "AOTE.Framework.CrossCutting", "AOTE.Framework.CrossCutting\AOTE.Framework.CrossCutting.csproj", "{C8FB8358-CA70-4183-8C8E-AB113E12C0F4}"
EndProject
Project("{FAE04EC0-301F-11D3-BF4B-00C04F79EFBC}") = "AOTE.Framework.BusinessLayer", "AOTE.Framework.BusinessLayer\AOTE.Framework.BusinessLayer.csproj", "{CB8FBC4E-788A-4AB8-9F5A-E9CCDE8FF605}"
EndProject
Project("{FAE04EC0-301F-11D3-BF4B-00C04F79EFBC}") = "AOTE.Framework.DataLayer", "AOTE.Framework.DataLayer\AOTE.Framework.DataLayer.csproj", "{4B78E334-4F1F-4313-8297-EBD43C3106F7}"
EndProject
Project("{FAE04EC0-301F-11D3-BF4B-00C04F79EFBC}") = "AppIocDemo.Model", "AOTE.AppIocDemo.Model\AppIocDemo.Model.csproj", "{D502DADD-1A0E-4906-AE81-94E0E70ABE7B}"
EndProject
Project("{FAE04EC0-301F-11D3-BF4B-00C04F79EFBC}") = "AppIocDemo.DataLayer", "AppIocDemo.DataLayer\AppIocDemo.DataLayer.csproj", "{6381F5AA-B616-4133-ADB4-5158BC57AE6D}"
EndProject
Project("{FAE04EC0-301F-11D3-BF4B-00C04F79EFBC}") = "AppIocDemo.BusinessLayer", "AppIocDemo.BusinessLayer\AppIocDemo.BusinessLayer.csproj", "{D0626D84-D97F-4882-AC6A-31646F5FF232}"
EndProject
Project("{2150E333-8FDC-42A3-9474-1A3956D46DE8}") = "_Framework", "_Framework", "{02EA681E-C7D8-13C7-8484-4AC65E1B71E8}"
EndProject
Project("{2150E333-8FDC-42A3-9474-1A3956D46DE8}") = "AppIocDemo", "AppIocDemo", "{593DDE27-6030-4C15-9A04-6EA4C1C284B4}"
EndProject
Project("{2150E333-8FDC-42A3-9474-1A3956D46DE8}") = "WeatherForecastDemo", "WeatherForecastDemo", "{F7CD0974-E6CC-4F0A-8BBD-D18F738BA856}"
EndProject
Project("{FAE04EC0-301F-11D3-BF4B-00C04F79EFBC}") = "WeatherForeCastDemo.BusinessLayer", "WeatherForeCastDemo.BusinessLayer\WeatherForeCastDemo.BusinessLayer.csproj", "{CA3D786D-AF93-46DB-8972-AA7EFBD5115B}"
EndProject
Project("{FAE04EC0-301F-11D3-BF4B-00C04F79EFBC}") = "WeatherForecastDemo.DataLayer", "WeatherForecastDemo.DataLayer\WeatherForecastDemo.DataLayer.csproj", "{A175E915-F214-47A3-B142-72B78B811FDF}"
EndProject
Project("{FAE04EC0-301F-11D3-BF4B-00C04F79EFBC}") = "WeatherForecastDemo.Model", "WeatherForecastDemo.Model\WeatherForecastDemo.Model.csproj", "{F44DC670-FC12-4DB8-80AB-12C8972AAEEF}"
EndProject
Project("{FAE04EC0-301F-11D3-BF4B-00C04F79EFBC}") = "WeatherForecastDemo", "WeatherForecastDemo\WeatherForecastDemo.csproj", "{F7DC7A86-F977-4502-A7E7-3743648C84D7}"
EndProject
Project("{FAE04EC0-301F-11D3-BF4B-00C04F79EFBC}") = "WeatherForecastDemo.Test", "WeatherForecastDemo.Test\WeatherForecastDemo.Test.csproj", "{3CDD6F39-A524-41E3-90C2-BA4F035AEF69}"
EndProject
Global
	GlobalSection(SolutionConfigurationPlatforms) = preSolution
		Debug|Any CPU = Debug|Any CPU
		Release|Any CPU = Release|Any CPU
	EndGlobalSection
	GlobalSection(ProjectConfigurationPlatforms) = postSolution
		{B4CFA30B-41FD-4F74-8351-E17BA572D000}.Debug|Any CPU.ActiveCfg = Debug|Any CPU
		{B4CFA30B-41FD-4F74-8351-E17BA572D000}.Debug|Any CPU.Build.0 = Debug|Any CPU
		{B4CFA30B-41FD-4F74-8351-E17BA572D000}.Release|Any CPU.ActiveCfg = Release|Any CPU
		{B4CFA30B-41FD-4F74-8351-E17BA572D000}.Release|Any CPU.Build.0 = Release|Any CPU
		{C8FB8358-CA70-4183-8C8E-AB113E12C0F4}.Debug|Any CPU.ActiveCfg = Debug|Any CPU
		{C8FB8358-CA70-4183-8C8E-AB113E12C0F4}.Debug|Any CPU.Build.0 = Debug|Any CPU
		{C8FB8358-CA70-4183-8C8E-AB113E12C0F4}.Release|Any CPU.ActiveCfg = Release|Any CPU
		{C8FB8358-CA70-4183-8C8E-AB113E12C0F4}.Release|Any CPU.Build.0 = Release|Any CPU
		{CB8FBC4E-788A-4AB8-9F5A-E9CCDE8FF605}.Debug|Any CPU.ActiveCfg = Debug|Any CPU
		{CB8FBC4E-788A-4AB8-9F5A-E9CCDE8FF605}.Debug|Any CPU.Build.0 = Debug|Any CPU
		{CB8FBC4E-788A-4AB8-9F5A-E9CCDE8FF605}.Release|Any CPU.ActiveCfg = Release|Any CPU
		{CB8FBC4E-788A-4AB8-9F5A-E9CCDE8FF605}.Release|Any CPU.Build.0 = Release|Any CPU
		{4B78E334-4F1F-4313-8297-EBD43C3106F7}.Debug|Any CPU.ActiveCfg = Debug|Any CPU
		{4B78E334-4F1F-4313-8297-EBD43C3106F7}.Debug|Any CPU.Build.0 = Debug|Any CPU
		{4B78E334-4F1F-4313-8297-EBD43C3106F7}.Release|Any CPU.ActiveCfg = Release|Any CPU
		{4B78E334-4F1F-4313-8297-EBD43C3106F7}.Release|Any CPU.Build.0 = Release|Any CPU
		{D502DADD-1A0E-4906-AE81-94E0E70ABE7B}.Debug|Any CPU.ActiveCfg = Debug|Any CPU
		{D502DADD-1A0E-4906-AE81-94E0E70ABE7B}.Debug|Any CPU.Build.0 = Debug|Any CPU
		{D502DADD-1A0E-4906-AE81-94E0E70ABE7B}.Release|Any CPU.ActiveCfg = Release|Any CPU
		{D502DADD-1A0E-4906-AE81-94E0E70ABE7B}.Release|Any CPU.Build.0 = Release|Any CPU
		{6381F5AA-B616-4133-ADB4-5158BC57AE6D}.Debug|Any CPU.ActiveCfg = Debug|Any CPU
		{6381F5AA-B616-4133-ADB4-5158BC57AE6D}.Debug|Any CPU.Build.0 = Debug|Any CPU
		{6381F5AA-B616-4133-ADB4-5158BC57AE6D}.Release|Any CPU.ActiveCfg = Release|Any CPU
		{6381F5AA-B616-4133-ADB4-5158BC57AE6D}.Release|Any CPU.Build.0 = Release|Any CPU
		{D0626D84-D97F-4882-AC6A-31646F5FF232}.Debug|Any CPU.ActiveCfg = Debug|Any CPU
		{D0626D84-D97F-4882-AC6A-31646F5FF232}.Debug|Any CPU.Build.0 = Debug|Any CPU
		{D0626D84-D97F-4882-AC6A-31646F5FF232}.Release|Any CPU.ActiveCfg = Release|Any CPU
		{D0626D84-D97F-4882-AC6A-31646F5FF232}.Release|Any CPU.Build.0 = Release|Any CPU
		{CA3D786D-AF93-46DB-8972-AA7EFBD5115B}.Debug|Any CPU.ActiveCfg = Debug|Any CPU
		{CA3D786D-AF93-46DB-8972-AA7EFBD5115B}.Debug|Any CPU.Build.0 = Debug|Any CPU
		{CA3D786D-AF93-46DB-8972-AA7EFBD5115B}.Release|Any CPU.ActiveCfg = Release|Any CPU
		{CA3D786D-AF93-46DB-8972-AA7EFBD5115B}.Release|Any CPU.Build.0 = Release|Any CPU
		{A175E915-F214-47A3-B142-72B78B811FDF}.Debug|Any CPU.ActiveCfg = Debug|Any CPU
		{A175E915-F214-47A3-B142-72B78B811FDF}.Debug|Any CPU.Build.0 = Debug|Any CPU
		{A175E915-F214-47A3-B142-72B78B811FDF}.Release|Any CPU.ActiveCfg = Release|Any CPU
		{A175E915-F214-47A3-B142-72B78B811FDF}.Release|Any CPU.Build.0 = Release|Any CPU
		{F44DC670-FC12-4DB8-80AB-12C8972AAEEF}.Debug|Any CPU.ActiveCfg = Debug|Any CPU
		{F44DC670-FC12-4DB8-80AB-12C8972AAEEF}.Debug|Any CPU.Build.0 = Debug|Any CPU
		{F44DC670-FC12-4DB8-80AB-12C8972AAEEF}.Release|Any CPU.ActiveCfg = Release|Any CPU
		{F44DC670-FC12-4DB8-80AB-12C8972AAEEF}.Release|Any CPU.Build.0 = Release|Any CPU
		{F7DC7A86-F977-4502-A7E7-3743648C84D7}.Debug|Any CPU.ActiveCfg = Debug|Any CPU
		{F7DC7A86-F977-4502-A7E7-3743648C84D7}.Debug|Any CPU.Build.0 = Debug|Any CPU
		{F7DC7A86-F977-4502-A7E7-3743648C84D7}.Release|Any CPU.ActiveCfg = Release|Any CPU
		{F7DC7A86-F977-4502-A7E7-3743648C84D7}.Release|Any CPU.Build.0 = Release|Any CPU
		{3CDD6F39-A524-41E3-90C2-BA4F035AEF69}.Debug|Any CPU.ActiveCfg = Debug|Any CPU
		{3CDD6F39-A524-41E3-90C2-BA4F035AEF69}.Debug|Any CPU.Build.0 = Debug|Any CPU
		{3CDD6F39-A524-41E3-90C2-BA4F035AEF69}.Release|Any CPU.ActiveCfg = Release|Any CPU
		{3CDD6F39-A524-41E3-90C2-BA4F035AEF69}.Release|Any CPU.Build.0 = Release|Any CPU
	EndGlobalSection
	GlobalSection(SolutionProperties) = preSolution
		HideSolutionNode = FALSE
	EndGlobalSection
	GlobalSection(NestedProjects) = preSolution
		{B4CFA30B-41FD-4F74-8351-E17BA572D000} = {593DDE27-6030-4C15-9A04-6EA4C1C284B4}
		{C8FB8358-CA70-4183-8C8E-AB113E12C0F4} = {02EA681E-C7D8-13C7-8484-4AC65E1B71E8}
		{CB8FBC4E-788A-4AB8-9F5A-E9CCDE8FF605} = {02EA681E-C7D8-13C7-8484-4AC65E1B71E8}
		{4B78E334-4F1F-4313-8297-EBD43C3106F7} = {02EA681E-C7D8-13C7-8484-4AC65E1B71E8}
		{D502DADD-1A0E-4906-AE81-94E0E70ABE7B} = {593DDE27-6030-4C15-9A04-6EA4C1C284B4}
		{6381F5AA-B616-4133-ADB4-5158BC57AE6D} = {593DDE27-6030-4C15-9A04-6EA4C1C284B4}
		{D0626D84-D97F-4882-AC6A-31646F5FF232} = {593DDE27-6030-4C15-9A04-6EA4C1C284B4}
		{CA3D786D-AF93-46DB-8972-AA7EFBD5115B} = {F7CD0974-E6CC-4F0A-8BBD-D18F738BA856}
		{A175E915-F214-47A3-B142-72B78B811FDF} = {F7CD0974-E6CC-4F0A-8BBD-D18F738BA856}
		{F44DC670-FC12-4DB8-80AB-12C8972AAEEF} = {F7CD0974-E6CC-4F0A-8BBD-D18F738BA856}
		{F7DC7A86-F977-4502-A7E7-3743648C84D7} = {F7CD0974-E6CC-4F0A-8BBD-D18F738BA856}
		{3CDD6F39-A524-41E3-90C2-BA4F035AEF69} = {F7CD0974-E6CC-4F0A-8BBD-D18F738BA856}
	EndGlobalSection
	GlobalSection(ExtensibilityGlobals) = postSolution
		SolutionGuid = {7E5948C0-AF50-471E-B913-24DA7F0DFCE9}
	EndGlobalSection
EndGlobal
